PODS:
  - StringExtensionHTML (1.0.2)

DEPENDENCIES:
  - StringExtensionHTML (~> 1.0)

SPEC REPOS:
  https://github.com/CocoaPods/Specs.git:
    - StringExtensionHTML

SPEC CHECKSUMS:
  StringExtensionHTML: 856dcc0c705012ae2f9c29c7413b015b82133e52

PODFILE CHECKSUM: b1d5f9865d2fc3aba9dc577a747722385572eeb7

COCOAPODS: 1.5.0
