PODS:
  - StringExtensionHTML (1.0.2)

DEPENDENCIES:
  - StringExtensionHTML (~> 1.0)

SPEC REPOS:
  https://github.com/CocoaPods/Specs.git:
    - StringExtensionHTML

SPEC CHECKSUMS:
  StringExtensionHTML: 856dcc0c705012ae2f9c29c7413b015b82133e52

PODFILE CHECKSUM: efb74d76d97f58ba6acf1caf1954be478adea6a9

COCOAPODS: 1.5.0
