// !$*UTF8*$!
{
	archiveVersion = 1;
	classes = {
	};
	objectVersion = 50;
	objects = {

/* Begin PBXBuildFile section */
		1152CECED45F0881637FFD76 /* Pods_BitcoinRate.framework in Frameworks */ = {isa = PBXBuildFile; fileRef = D21B71B40323D4272503ACED /* Pods_BitcoinRate.framework */; };
		3524E8466A758D86B2DFB290 /* Pods_BitcoinRateTests.framework in Frameworks */ = {isa = PBXBuildFile; fileRef = 1D41E954697F5C47F818E6C1 /* Pods_BitcoinRateTests.framework */; };
		4F90414FB2916556F08A2B90 /* Pods_Watch_Extension.framework in Frameworks */ = {isa = PBXBuildFile; fileRef = 923A4381AA02F8211DA908C4 /* Pods_Watch_Extension.framework */; };
		773361C9AED73E14A99E411E /* Pods_BitcoinRateUITests.framework in Frameworks */ = {isa = PBXBuildFile; fileRef = CDD30EB0510E61D425D9A66A /* Pods_BitcoinRateUITests.framework */; };
		8399288D20A1849400208440 /* AppDelegate.swift in Sources */ = {isa = PBXBuildFile; fileRef = 8399288C20A1849400208440 /* AppDelegate.swift */; };
		8399288F20A1849400208440 /* MainViewController.swift in Sources */ = {isa = PBXBuildFile; fileRef = 8399288E20A1849400208440 /* MainViewController.swift */; };
		8399289420A1849400208440 /* Main.storyboard in Resources */ = {isa = PBXBuildFile; fileRef = 8399289220A1849400208440 /* Main.storyboard */; };
		8399289620A1849500208440 /* Assets.xcassets in Resources */ = {isa = PBXBuildFile; fileRef = 8399289520A1849500208440 /* Assets.xcassets */; };
		8399289920A1849500208440 /* LaunchScreen.storyboard in Resources */ = {isa = PBXBuildFile; fileRef = 8399289720A1849500208440 /* LaunchScreen.storyboard */; };
		839928AF20A1849500208440 /* BitcoinRateUITests.swift in Sources */ = {isa = PBXBuildFile; fileRef = 839928AE20A1849500208440 /* BitcoinRateUITests.swift */; };
		839928BD20A1856D00208440 /* HeaderView.xib in Resources */ = {isa = PBXBuildFile; fileRef = 839928BC20A1856D00208440 /* HeaderView.xib */; };
		839928C020A1858600208440 /* HeaderView.swift in Sources */ = {isa = PBXBuildFile; fileRef = 839928BF20A1858600208440 /* HeaderView.swift */; };
		839928C220A1875A00208440 /* NibSettable.swift in Sources */ = {isa = PBXBuildFile; fileRef = 839928C120A1875A00208440 /* NibSettable.swift */; };
		839928C420A1881E00208440 /* NetworkManager.swift in Sources */ = {isa = PBXBuildFile; fileRef = 839928C320A1881E00208440 /* NetworkManager.swift */; };
		839928D120A1890300208440 /* BRError.swift in Sources */ = {isa = PBXBuildFile; fileRef = 839928D020A1890300208440 /* BRError.swift */; };
		839928D420A1894E00208440 /* String+Extension.swift in Sources */ = {isa = PBXBuildFile; fileRef = 839928D320A1894E00208440 /* String+Extension.swift */; };
		839928D620A189BE00208440 /* HTTPURLResponse+Extension.swift in Sources */ = {isa = PBXBuildFile; fileRef = 839928D520A189BE00208440 /* HTTPURLResponse+Extension.swift */; };
		839928D820A18A6A00208440 /* Router.swift in Sources */ = {isa = PBXBuildFile; fileRef = 839928D720A18A6A00208440 /* Router.swift */; };
		839928E720A18E8900208440 /* CurrentRateResponse.swift in Sources */ = {isa = PBXBuildFile; fileRef = 839928E620A18E8900208440 /* CurrentRateResponse.swift */; };
		839928E920A18F0D00208440 /* Currency.swift in Sources */ = {isa = PBXBuildFile; fileRef = 839928E820A18F0D00208440 /* Currency.swift */; };
		839928EB20A1906B00208440 /* HistoryRateResponse.swift in Sources */ = {isa = PBXBuildFile; fileRef = 839928EA20A1906B00208440 /* HistoryRateResponse.swift */; };
		839928ED20A1909D00208440 /* ResponseTime.swift in Sources */ = {isa = PBXBuildFile; fileRef = 839928EC20A1909D00208440 /* ResponseTime.swift */; };
		839928F120A1A87F00208440 /* MainViewModel.swift in Sources */ = {isa = PBXBuildFile; fileRef = 839928F020A1A87F00208440 /* MainViewModel.swift */; };
		839928F320A1A8FE00208440 /* NetworkMockTest.swift in Sources */ = {isa = PBXBuildFile; fileRef = 839928F220A1A8FE00208440 /* NetworkMockTest.swift */; };
		839928F520A1AA3700208440 /* HistoryRate.swift in Sources */ = {isa = PBXBuildFile; fileRef = 839928F420A1AA3700208440 /* HistoryRate.swift */; };
		839928F820A1AD1D00208440 /* HistoryRateCell.swift in Sources */ = {isa = PBXBuildFile; fileRef = 839928F620A1AD1D00208440 /* HistoryRateCell.swift */; };
		839928F920A1AD1D00208440 /* HistoryRateCell.xib in Resources */ = {isa = PBXBuildFile; fileRef = 839928F720A1AD1D00208440 /* HistoryRateCell.xib */; };
		839928FC20A1AD4E00208440 /* ReusableView.swift in Sources */ = {isa = PBXBuildFile; fileRef = 839928FB20A1AD4E00208440 /* ReusableView.swift */; };
		839928FE20A1ADD500208440 /* HistoryRateCellModel.swift in Sources */ = {isa = PBXBuildFile; fileRef = 839928FD20A1ADD500208440 /* HistoryRateCellModel.swift */; };
		8399290020A1B04C00208440 /* UITableview+Extension.swift in Sources */ = {isa = PBXBuildFile; fileRef = 839928FF20A1B04C00208440 /* UITableview+Extension.swift */; };
		8399290220A1B4E600208440 /* HeaderViewModel.swift in Sources */ = {isa = PBXBuildFile; fileRef = 8399290120A1B4E600208440 /* HeaderViewModel.swift */; };
		8399290620A1CE9600208440 /* CachedWebservice.swift in Sources */ = {isa = PBXBuildFile; fileRef = 8399290520A1CE9600208440 /* CachedWebservice.swift */; };
		8399290D20A1DD6C00208440 /* Interface.storyboard in Resources */ = {isa = PBXBuildFile; fileRef = 8399290B20A1DD6C00208440 /* Interface.storyboard */; };
		8399290F20A1DD6D00208440 /* Assets.xcassets in Resources */ = {isa = PBXBuildFile; fileRef = 8399290E20A1DD6D00208440 /* Assets.xcassets */; };
		8399291620A1DD6D00208440 /* Watch Extension.appex in Embed App Extensions */ = {isa = PBXBuildFile; fileRef = 8399291520A1DD6D00208440 /* Watch Extension.appex */; settings = {ATTRIBUTES = (RemoveHeadersOnCopy, ); }; };
		8399291B20A1DD6D00208440 /* InterfaceController.swift in Sources */ = {isa = PBXBuildFile; fileRef = 8399291A20A1DD6D00208440 /* InterfaceController.swift */; };
		8399291D20A1DD6D00208440 /* ExtensionDelegate.swift in Sources */ = {isa = PBXBuildFile; fileRef = 8399291C20A1DD6D00208440 /* ExtensionDelegate.swift */; };
		8399291F20A1DD6D00208440 /* NotificationController.swift in Sources */ = {isa = PBXBuildFile; fileRef = 8399291E20A1DD6D00208440 /* NotificationController.swift */; };
		8399292120A1DD6E00208440 /* Assets.xcassets in Resources */ = {isa = PBXBuildFile; fileRef = 8399292020A1DD6E00208440 /* Assets.xcassets */; };
		8399292620A1DD6E00208440 /* Watch.app in Embed Watch Content */ = {isa = PBXBuildFile; fileRef = 8399290920A1DD6C00208440 /* Watch.app */; };
		8399293220A1E41C00208440 /* RateTableRowController.swift in Sources */ = {isa = PBXBuildFile; fileRef = 8399293120A1E41C00208440 /* RateTableRowController.swift */; };
		8399293420A1F34B00208440 /* MainViewModelTests.swift in Sources */ = {isa = PBXBuildFile; fileRef = 8399293320A1F34B00208440 /* MainViewModelTests.swift */; };
		8399293720A1F4A500208440 /* current.json in Resources */ = {isa = PBXBuildFile; fileRef = 8399293620A1F4A500208440 /* current.json */; };
		8399293820A1F4D200208440 /* HistoryRateCellModel.swift in Sources */ = {isa = PBXBuildFile; fileRef = 839928FD20A1ADD500208440 /* HistoryRateCellModel.swift */; };
		8399293A20A1F53200208440 /* history.json in Resources */ = {isa = PBXBuildFile; fileRef = 8399293920A1F53200208440 /* history.json */; };
		8399293B20A1F53200208440 /* history.json in Resources */ = {isa = PBXBuildFile; fileRef = 8399293920A1F53200208440 /* history.json */; };
		8399293C20A1F59400208440 /* HistoryRate.swift in Sources */ = {isa = PBXBuildFile; fileRef = 839928F420A1AA3700208440 /* HistoryRate.swift */; };
		8399293D20A1F5EF00208440 /* current.json in Resources */ = {isa = PBXBuildFile; fileRef = 8399293620A1F4A500208440 /* current.json */; };
		8399293F20A1FAFA00208440 /* CacheTests.swift in Sources */ = {isa = PBXBuildFile; fileRef = 8399293E20A1FAFA00208440 /* CacheTests.swift */; };
		83AF630120A23AFC00E1E754 /* WatchSessionManager.swift in Sources */ = {isa = PBXBuildFile; fileRef = 83AF630020A23AFC00E1E754 /* WatchSessionManager.swift */; };
		83AF630720A2482F00E1E754 /* InterfaceViewModel.swift in Sources */ = {isa = PBXBuildFile; fileRef = 83AF630620A2482F00E1E754 /* InterfaceViewModel.swift */; };
		83AF630A20A2EB3F00E1E754 /* PhoneSessionManager.swift in Sources */ = {isa = PBXBuildFile; fileRef = 83AF630920A2EB3F00E1E754 /* PhoneSessionManager.swift */; };
		83AF630E20A3196D00E1E754 /* HistoryRate.swift in Sources */ = {isa = PBXBuildFile; fileRef = 839928F420A1AA3700208440 /* HistoryRate.swift */; };
		83AF631020A320A400E1E754 /* RateTableRowModel.swift in Sources */ = {isa = PBXBuildFile; fileRef = 83AF630F20A320A400E1E754 /* RateTableRowModel.swift */; };
		83FA1FA620A337670086A89F /* Currency.swift in Sources */ = {isa = PBXBuildFile; fileRef = 839928E820A18F0D00208440 /* Currency.swift */; };
		86ABD7CA66038EA1BB44DCFB /* Pods_Watch.framework in Frameworks */ = {isa = PBXBuildFile; fileRef = 2AD2CC2EE9F34E5CE984A298 /* Pods_Watch.framework */; };
/* End PBXBuildFile section */

/* Begin PBXContainerItemProxy section */
		839928A020A1849500208440 /* PBXContainerItemProxy */ = {
			isa = PBXContainerItemProxy;
			containerPortal = 8399288120A1849400208440 /* Project object */;
			proxyType = 1;
			remoteGlobalIDString = 8399288820A1849400208440;
			remoteInfo = BitcoinRate;
		};
		839928AB20A1849500208440 /* PBXContainerItemProxy */ = {
			isa = PBXContainerItemProxy;
			containerPortal = 8399288120A1849400208440 /* Project object */;
			proxyType = 1;
			remoteGlobalIDString = 8399288820A1849400208440;
			remoteInfo = BitcoinRate;
		};
		8399291720A1DD6D00208440 /* PBXContainerItemProxy */ = {
			isa = PBXContainerItemProxy;
			containerPortal = 8399288120A1849400208440 /* Project object */;
			proxyType = 1;
			remoteGlobalIDString = 8399291420A1DD6D00208440;
			remoteInfo = "Watch Extension";
		};
		8399292420A1DD6E00208440 /* PBXContainerItemProxy */ = {
			isa = PBXContainerItemProxy;
			containerPortal = 8399288120A1849400208440 /* Project object */;
			proxyType = 1;
			remoteGlobalIDString = 8399290820A1DD6C00208440;
			remoteInfo = Watch;
		};
/* End PBXContainerItemProxy section */

/* Begin PBXCopyFilesBuildPhase section */
		8399292B20A1DD6E00208440 /* Embed App Extensions */ = {
			isa = PBXCopyFilesBuildPhase;
			buildActionMask = 2147483647;
			dstPath = "";
			dstSubfolderSpec = 13;
			files = (
				8399291620A1DD6D00208440 /* Watch Extension.appex in Embed App Extensions */,
			);
			name = "Embed App Extensions";
			runOnlyForDeploymentPostprocessing = 0;
		};
		8399293020A1DD6E00208440 /* Embed Watch Content */ = {
			isa = PBXCopyFilesBuildPhase;
			buildActionMask = 2147483647;
			dstPath = "$(CONTENTS_FOLDER_PATH)/Watch";
			dstSubfolderSpec = 16;
			files = (
				8399292620A1DD6E00208440 /* Watch.app in Embed Watch Content */,
			);
			name = "Embed Watch Content";
			runOnlyForDeploymentPostprocessing = 0;
		};
/* End PBXCopyFilesBuildPhase section */

/* Begin PBXFileReference section */
		17E75659E6361FF25B362D6D /* Pods-Watch.development.xcconfig */ = {isa = PBXFileReference; includeInIndex = 1; lastKnownFileType = text.xcconfig; name = "Pods-Watch.development.xcconfig"; path = "Pods/Target Support Files/Pods-Watch/Pods-Watch.development.xcconfig"; sourceTree = "<group>"; };
		1D41E954697F5C47F818E6C1 /* Pods_BitcoinRateTests.framework */ = {isa = PBXFileReference; explicitFileType = wrapper.framework; includeInIndex = 0; path = Pods_BitcoinRateTests.framework; sourceTree = BUILT_PRODUCTS_DIR; };
		2AD2CC2EE9F34E5CE984A298 /* Pods_Watch.framework */ = {isa = PBXFileReference; explicitFileType = wrapper.framework; includeInIndex = 0; path = Pods_Watch.framework; sourceTree = BUILT_PRODUCTS_DIR; };
		2E742DB7D3883EDED0C39BEF /* Pods-Watch Extension.release.xcconfig */ = {isa = PBXFileReference; includeInIndex = 1; lastKnownFileType = text.xcconfig; name = "Pods-Watch Extension.release.xcconfig"; path = "Pods/Target Support Files/Pods-Watch Extension/Pods-Watch Extension.release.xcconfig"; sourceTree = "<group>"; };
		750A4806E07096206066F203 /* Pods-Watch Extension.development.xcconfig */ = {isa = PBXFileReference; includeInIndex = 1; lastKnownFileType = text.xcconfig; name = "Pods-Watch Extension.development.xcconfig"; path = "Pods/Target Support Files/Pods-Watch Extension/Pods-Watch Extension.development.xcconfig"; sourceTree = "<group>"; };
		8399288920A1849400208440 /* BitcoinRate.app */ = {isa = PBXFileReference; explicitFileType = wrapper.application; includeInIndex = 0; path = BitcoinRate.app; sourceTree = BUILT_PRODUCTS_DIR; };
		8399288C20A1849400208440 /* AppDelegate.swift */ = {isa = PBXFileReference; lastKnownFileType = sourcecode.swift; path = AppDelegate.swift; sourceTree = "<group>"; };
		8399288E20A1849400208440 /* MainViewController.swift */ = {isa = PBXFileReference; lastKnownFileType = sourcecode.swift; path = MainViewController.swift; sourceTree = "<group>"; };
		8399289320A1849400208440 /* Base */ = {isa = PBXFileReference; lastKnownFileType = file.storyboard; name = Base; path = Base.lproj/Main.storyboard; sourceTree = "<group>"; };
		8399289520A1849500208440 /* Assets.xcassets */ = {isa = PBXFileReference; lastKnownFileType = folder.assetcatalog; path = Assets.xcassets; sourceTree = "<group>"; };
		8399289820A1849500208440 /* Base */ = {isa = PBXFileReference; lastKnownFileType = file.storyboard; name = Base; path = Base.lproj/LaunchScreen.storyboard; sourceTree = "<group>"; };
		8399289A20A1849500208440 /* Info.plist */ = {isa = PBXFileReference; lastKnownFileType = text.plist.xml; path = Info.plist; sourceTree = "<group>"; };
		8399289F20A1849500208440 /* BitcoinRateTests.xctest */ = {isa = PBXFileReference; explicitFileType = wrapper.cfbundle; includeInIndex = 0; path = BitcoinRateTests.xctest; sourceTree = BUILT_PRODUCTS_DIR; };
		839928A520A1849500208440 /* Info.plist */ = {isa = PBXFileReference; lastKnownFileType = text.plist.xml; path = Info.plist; sourceTree = "<group>"; };
		839928AA20A1849500208440 /* BitcoinRateUITests.xctest */ = {isa = PBXFileReference; explicitFileType = wrapper.cfbundle; includeInIndex = 0; path = BitcoinRateUITests.xctest; sourceTree = BUILT_PRODUCTS_DIR; };
		839928AE20A1849500208440 /* BitcoinRateUITests.swift */ = {isa = PBXFileReference; lastKnownFileType = sourcecode.swift; path = BitcoinRateUITests.swift; sourceTree = "<group>"; };
		839928B020A1849500208440 /* Info.plist */ = {isa = PBXFileReference; lastKnownFileType = text.plist.xml; path = Info.plist; sourceTree = "<group>"; };
		839928BC20A1856D00208440 /* HeaderView.xib */ = {isa = PBXFileReference; lastKnownFileType = file.xib; path = HeaderView.xib; sourceTree = "<group>"; };
		839928BF20A1858600208440 /* HeaderView.swift */ = {isa = PBXFileReference; lastKnownFileType = sourcecode.swift; path = HeaderView.swift; sourceTree = "<group>"; };
		839928C120A1875A00208440 /* NibSettable.swift */ = {isa = PBXFileReference; fileEncoding = 4; lastKnownFileType = sourcecode.swift; path = NibSettable.swift; sourceTree = "<group>"; };
		839928C320A1881E00208440 /* NetworkManager.swift */ = {isa = PBXFileReference; fileEncoding = 4; lastKnownFileType = sourcecode.swift; path = NetworkManager.swift; sourceTree = "<group>"; };
		839928D020A1890300208440 /* BRError.swift */ = {isa = PBXFileReference; fileEncoding = 4; lastKnownFileType = sourcecode.swift; path = BRError.swift; sourceTree = "<group>"; };
		839928D320A1894E00208440 /* String+Extension.swift */ = {isa = PBXFileReference; lastKnownFileType = sourcecode.swift; path = "String+Extension.swift"; sourceTree = "<group>"; };
		839928D520A189BE00208440 /* HTTPURLResponse+Extension.swift */ = {isa = PBXFileReference; lastKnownFileType = sourcecode.swift; path = "HTTPURLResponse+Extension.swift"; sourceTree = "<group>"; };
		839928D720A18A6A00208440 /* Router.swift */ = {isa = PBXFileReference; fileEncoding = 4; lastKnownFileType = sourcecode.swift; path = Router.swift; sourceTree = "<group>"; };
		839928D920A18B8000208440 /* Development.xcconfig */ = {isa = PBXFileReference; fileEncoding = 4; lastKnownFileType = text.xcconfig; path = Development.xcconfig; sourceTree = "<group>"; };
		839928DA20A18B8000208440 /* Debug.xcconfig */ = {isa = PBXFileReference; fileEncoding = 4; lastKnownFileType = text.xcconfig; path = Debug.xcconfig; sourceTree = "<group>"; };
		839928DB20A18B8000208440 /* Release.xcconfig */ = {isa = PBXFileReference; fileEncoding = 4; lastKnownFileType = text.xcconfig; path = Release.xcconfig; sourceTree = "<group>"; };
		839928E620A18E8900208440 /* CurrentRateResponse.swift */ = {isa = PBXFileReference; lastKnownFileType = sourcecode.swift; path = CurrentRateResponse.swift; sourceTree = "<group>"; };
		839928E820A18F0D00208440 /* Currency.swift */ = {isa = PBXFileReference; lastKnownFileType = sourcecode.swift; path = Currency.swift; sourceTree = "<group>"; };
		839928EA20A1906B00208440 /* HistoryRateResponse.swift */ = {isa = PBXFileReference; lastKnownFileType = sourcecode.swift; path = HistoryRateResponse.swift; sourceTree = "<group>"; };
		839928EC20A1909D00208440 /* ResponseTime.swift */ = {isa = PBXFileReference; lastKnownFileType = sourcecode.swift; path = ResponseTime.swift; sourceTree = "<group>"; };
		839928F020A1A87F00208440 /* MainViewModel.swift */ = {isa = PBXFileReference; lastKnownFileType = sourcecode.swift; path = MainViewModel.swift; sourceTree = "<group>"; };
		839928F220A1A8FE00208440 /* NetworkMockTest.swift */ = {isa = PBXFileReference; lastKnownFileType = sourcecode.swift; path = NetworkMockTest.swift; sourceTree = "<group>"; };
		839928F420A1AA3700208440 /* HistoryRate.swift */ = {isa = PBXFileReference; lastKnownFileType = sourcecode.swift; path = HistoryRate.swift; sourceTree = "<group>"; };
		839928F620A1AD1D00208440 /* HistoryRateCell.swift */ = {isa = PBXFileReference; lastKnownFileType = sourcecode.swift; path = HistoryRateCell.swift; sourceTree = "<group>"; };
		839928F720A1AD1D00208440 /* HistoryRateCell.xib */ = {isa = PBXFileReference; lastKnownFileType = file.xib; path = HistoryRateCell.xib; sourceTree = "<group>"; };
		839928FB20A1AD4E00208440 /* ReusableView.swift */ = {isa = PBXFileReference; fileEncoding = 4; lastKnownFileType = sourcecode.swift; path = ReusableView.swift; sourceTree = "<group>"; };
		839928FD20A1ADD500208440 /* HistoryRateCellModel.swift */ = {isa = PBXFileReference; lastKnownFileType = sourcecode.swift; path = HistoryRateCellModel.swift; sourceTree = "<group>"; };
		839928FF20A1B04C00208440 /* UITableview+Extension.swift */ = {isa = PBXFileReference; fileEncoding = 4; lastKnownFileType = sourcecode.swift; path = "UITableview+Extension.swift"; sourceTree = "<group>"; };
		8399290120A1B4E600208440 /* HeaderViewModel.swift */ = {isa = PBXFileReference; lastKnownFileType = sourcecode.swift; path = HeaderViewModel.swift; sourceTree = "<group>"; };
		8399290520A1CE9600208440 /* CachedWebservice.swift */ = {isa = PBXFileReference; lastKnownFileType = sourcecode.swift; path = CachedWebservice.swift; sourceTree = "<group>"; };
		8399290920A1DD6C00208440 /* Watch.app */ = {isa = PBXFileReference; explicitFileType = wrapper.application; includeInIndex = 0; path = Watch.app; sourceTree = BUILT_PRODUCTS_DIR; };
		8399290C20A1DD6C00208440 /* Base */ = {isa = PBXFileReference; lastKnownFileType = file.storyboard; name = Base; path = Base.lproj/Interface.storyboard; sourceTree = "<group>"; };
		8399290E20A1DD6D00208440 /* Assets.xcassets */ = {isa = PBXFileReference; lastKnownFileType = folder.assetcatalog; path = Assets.xcassets; sourceTree = "<group>"; };
		8399291020A1DD6D00208440 /* Info.plist */ = {isa = PBXFileReference; lastKnownFileType = text.plist.xml; path = Info.plist; sourceTree = "<group>"; };
		8399291520A1DD6D00208440 /* Watch Extension.appex */ = {isa = PBXFileReference; explicitFileType = "wrapper.app-extension"; includeInIndex = 0; path = "Watch Extension.appex"; sourceTree = BUILT_PRODUCTS_DIR; };
		8399291A20A1DD6D00208440 /* InterfaceController.swift */ = {isa = PBXFileReference; lastKnownFileType = sourcecode.swift; path = InterfaceController.swift; sourceTree = "<group>"; };
		8399291C20A1DD6D00208440 /* ExtensionDelegate.swift */ = {isa = PBXFileReference; lastKnownFileType = sourcecode.swift; path = ExtensionDelegate.swift; sourceTree = "<group>"; };
		8399291E20A1DD6D00208440 /* NotificationController.swift */ = {isa = PBXFileReference; lastKnownFileType = sourcecode.swift; path = NotificationController.swift; sourceTree = "<group>"; };
		8399292020A1DD6E00208440 /* Assets.xcassets */ = {isa = PBXFileReference; lastKnownFileType = folder.assetcatalog; path = Assets.xcassets; sourceTree = "<group>"; };
		8399292220A1DD6E00208440 /* Info.plist */ = {isa = PBXFileReference; lastKnownFileType = text.plist.xml; path = Info.plist; sourceTree = "<group>"; };
		8399292320A1DD6E00208440 /* PushNotificationPayload.apns */ = {isa = PBXFileReference; lastKnownFileType = text; path = PushNotificationPayload.apns; sourceTree = "<group>"; };
		8399293120A1E41C00208440 /* RateTableRowController.swift */ = {isa = PBXFileReference; lastKnownFileType = sourcecode.swift; path = RateTableRowController.swift; sourceTree = "<group>"; };
		8399293320A1F34B00208440 /* MainViewModelTests.swift */ = {isa = PBXFileReference; lastKnownFileType = sourcecode.swift; path = MainViewModelTests.swift; sourceTree = "<group>"; };
		8399293620A1F4A500208440 /* current.json */ = {isa = PBXFileReference; lastKnownFileType = text.json; path = current.json; sourceTree = "<group>"; };
		8399293920A1F53200208440 /* history.json */ = {isa = PBXFileReference; lastKnownFileType = text.json; path = history.json; sourceTree = "<group>"; };
		8399293E20A1FAFA00208440 /* CacheTests.swift */ = {isa = PBXFileReference; lastKnownFileType = sourcecode.swift; path = CacheTests.swift; sourceTree = "<group>"; };
		83AF630020A23AFC00E1E754 /* WatchSessionManager.swift */ = {isa = PBXFileReference; lastKnownFileType = sourcecode.swift; path = WatchSessionManager.swift; sourceTree = "<group>"; };
		83AF630620A2482F00E1E754 /* InterfaceViewModel.swift */ = {isa = PBXFileReference; lastKnownFileType = sourcecode.swift; path = InterfaceViewModel.swift; sourceTree = "<group>"; };
		83AF630920A2EB3F00E1E754 /* PhoneSessionManager.swift */ = {isa = PBXFileReference; fileEncoding = 4; lastKnownFileType = sourcecode.swift; path = PhoneSessionManager.swift; sourceTree = "<group>"; };
		83AF630F20A320A400E1E754 /* RateTableRowModel.swift */ = {isa = PBXFileReference; lastKnownFileType = sourcecode.swift; path = RateTableRowModel.swift; sourceTree = "<group>"; };
		864E2EDF4037C6224D0897DC /* Pods-Watch.release.xcconfig */ = {isa = PBXFileReference; includeInIndex = 1; lastKnownFileType = text.xcconfig; name = "Pods-Watch.release.xcconfig"; path = "Pods/Target Support Files/Pods-Watch/Pods-Watch.release.xcconfig"; sourceTree = "<group>"; };
		8CB023936371999AF9308E2D /* Pods-Watch.debug.xcconfig */ = {isa = PBXFileReference; includeInIndex = 1; lastKnownFileType = text.xcconfig; name = "Pods-Watch.debug.xcconfig"; path = "Pods/Target Support Files/Pods-Watch/Pods-Watch.debug.xcconfig"; sourceTree = "<group>"; };
		923A4381AA02F8211DA908C4 /* Pods_Watch_Extension.framework */ = {isa = PBXFileReference; explicitFileType = wrapper.framework; includeInIndex = 0; path = Pods_Watch_Extension.framework; sourceTree = BUILT_PRODUCTS_DIR; };
		CB108C0C6C2CFB6015354840 /* Pods-Watch Extension.debug.xcconfig */ = {isa = PBXFileReference; includeInIndex = 1; lastKnownFileType = text.xcconfig; name = "Pods-Watch Extension.debug.xcconfig"; path = "Pods/Target Support Files/Pods-Watch Extension/Pods-Watch Extension.debug.xcconfig"; sourceTree = "<group>"; };
		CDD30EB0510E61D425D9A66A /* Pods_BitcoinRateUITests.framework */ = {isa = PBXFileReference; explicitFileType = wrapper.framework; includeInIndex = 0; path = Pods_BitcoinRateUITests.framework; sourceTree = BUILT_PRODUCTS_DIR; };
		D21B71B40323D4272503ACED /* Pods_BitcoinRate.framework */ = {isa = PBXFileReference; explicitFileType = wrapper.framework; includeInIndex = 0; path = Pods_BitcoinRate.framework; sourceTree = BUILT_PRODUCTS_DIR; };
/* End PBXFileReference section */

/* Begin PBXFrameworksBuildPhase section */
		8399288620A1849400208440 /* Frameworks */ = {
			isa = PBXFrameworksBuildPhase;
			buildActionMask = 2147483647;
			files = (
				1152CECED45F0881637FFD76 /* Pods_BitcoinRate.framework in Frameworks */,
			);
			runOnlyForDeploymentPostprocessing = 0;
		};
		8399289C20A1849500208440 /* Frameworks */ = {
			isa = PBXFrameworksBuildPhase;
			buildActionMask = 2147483647;
			files = (
				3524E8466A758D86B2DFB290 /* Pods_BitcoinRateTests.framework in Frameworks */,
			);
			runOnlyForDeploymentPostprocessing = 0;
		};
		839928A720A1849500208440 /* Frameworks */ = {
			isa = PBXFrameworksBuildPhase;
			buildActionMask = 2147483647;
			files = (
				773361C9AED73E14A99E411E /* Pods_BitcoinRateUITests.framework in Frameworks */,
			);
			runOnlyForDeploymentPostprocessing = 0;
		};
		8399291220A1DD6D00208440 /* Frameworks */ = {
			isa = PBXFrameworksBuildPhase;
			buildActionMask = 2147483647;
			files = (
				4F90414FB2916556F08A2B90 /* Pods_Watch_Extension.framework in Frameworks */,
			);
			runOnlyForDeploymentPostprocessing = 0;
		};
		BE368BC39EA06F49591B76AF /* Frameworks */ = {
			isa = PBXFrameworksBuildPhase;
			buildActionMask = 2147483647;
			files = (
				86ABD7CA66038EA1BB44DCFB /* Pods_Watch.framework in Frameworks */,
			);
			runOnlyForDeploymentPostprocessing = 0;
		};
/* End PBXFrameworksBuildPhase section */

/* Begin PBXGroup section */
		3DD7BF7F76F686216F552A5C /* Pods */ = {
			isa = PBXGroup;
			children = (
				8CB023936371999AF9308E2D /* Pods-Watch.debug.xcconfig */,
				17E75659E6361FF25B362D6D /* Pods-Watch.development.xcconfig */,
				864E2EDF4037C6224D0897DC /* Pods-Watch.release.xcconfig */,
				CB108C0C6C2CFB6015354840 /* Pods-Watch Extension.debug.xcconfig */,
				750A4806E07096206066F203 /* Pods-Watch Extension.development.xcconfig */,
				2E742DB7D3883EDED0C39BEF /* Pods-Watch Extension.release.xcconfig */,
			);
			name = Pods;
			sourceTree = "<group>";
		};
		8399288020A1849400208440 = {
			isa = PBXGroup;
			children = (
				8399288B20A1849400208440 /* BitcoinRate */,
				839928A220A1849500208440 /* BitcoinRateTests */,
				839928AD20A1849500208440 /* BitcoinRateUITests */,
				8399290A20A1DD6C00208440 /* Watch */,
				8399291920A1DD6D00208440 /* Watch Extension */,
				8399288A20A1849400208440 /* Products */,
				3DD7BF7F76F686216F552A5C /* Pods */,
				9864A5B650C8E080B0B058B4 /* Frameworks */,
			);
			sourceTree = "<group>";
		};
		8399288A20A1849400208440 /* Products */ = {
			isa = PBXGroup;
			children = (
				8399288920A1849400208440 /* BitcoinRate.app */,
				8399289F20A1849500208440 /* BitcoinRateTests.xctest */,
				839928AA20A1849500208440 /* BitcoinRateUITests.xctest */,
				8399290920A1DD6C00208440 /* Watch.app */,
				8399291520A1DD6D00208440 /* Watch Extension.appex */,
			);
			name = Products;
			sourceTree = "<group>";
		};
		8399288B20A1849400208440 /* BitcoinRate */ = {
			isa = PBXGroup;
			children = (
				839928C720A1885700208440 /* Stories */,
				839928C620A1885100208440 /* Managers */,
				839928C920A1887A00208440 /* Utils */,
				839928C520A1882D00208440 /* Supporting Files */,
			);
			path = BitcoinRate;
			sourceTree = "<group>";
		};
		839928A220A1849500208440 /* BitcoinRateTests */ = {
			isa = PBXGroup;
			children = (
				8399293520A1F49000208440 /* Ressources */,
				839928A520A1849500208440 /* Info.plist */,
				8399293320A1F34B00208440 /* MainViewModelTests.swift */,
				8399293E20A1FAFA00208440 /* CacheTests.swift */,
			);
			path = BitcoinRateTests;
			sourceTree = "<group>";
		};
		839928AD20A1849500208440 /* BitcoinRateUITests */ = {
			isa = PBXGroup;
			children = (
				839928AE20A1849500208440 /* BitcoinRateUITests.swift */,
				839928B020A1849500208440 /* Info.plist */,
			);
			path = BitcoinRateUITests;
			sourceTree = "<group>";
		};
		839928BE20A1857100208440 /* HeaderView */ = {
			isa = PBXGroup;
			children = (
				839928BC20A1856D00208440 /* HeaderView.xib */,
				839928BF20A1858600208440 /* HeaderView.swift */,
			);
			path = HeaderView;
			sourceTree = "<group>";
		};
		839928C520A1882D00208440 /* Supporting Files */ = {
			isa = PBXGroup;
			children = (
				839928E120A18B8F00208440 /* Config */,
				8399288C20A1849400208440 /* AppDelegate.swift */,
				8399289520A1849500208440 /* Assets.xcassets */,
				8399289720A1849500208440 /* LaunchScreen.storyboard */,
				8399289A20A1849500208440 /* Info.plist */,
			);
			path = "Supporting Files";
			sourceTree = "<group>";
		};
		839928C620A1885100208440 /* Managers */ = {
			isa = PBXGroup;
			children = (
				839928CF20A188CC00208440 /* Network */,
				83AF630020A23AFC00E1E754 /* WatchSessionManager.swift */,
			);
			path = Managers;
			sourceTree = "<group>";
		};
		839928C720A1885700208440 /* Stories */ = {
			isa = PBXGroup;
			children = (
				839928C820A1886600208440 /* Main */,
			);
			path = Stories;
			sourceTree = "<group>";
		};
		839928C820A1886600208440 /* Main */ = {
			isa = PBXGroup;
			children = (
				839928CE20A188AB00208440 /* Storyboard */,
				839928CA20A1888F00208440 /* ViewControllers */,
				839928CB20A1889400208440 /* ViewModels */,
				839928CC20A1889900208440 /* Views */,
				839928CD20A1889F00208440 /* Models */,
			);
			path = Main;
			sourceTree = "<group>";
		};
		839928C920A1887A00208440 /* Utils */ = {
			isa = PBXGroup;
			children = (
				839928D220A1893F00208440 /* Extensions */,
				839928D020A1890300208440 /* BRError.swift */,
				839928FB20A1AD4E00208440 /* ReusableView.swift */,
				839928C120A1875A00208440 /* NibSettable.swift */,
			);
			path = Utils;
			sourceTree = "<group>";
		};
		839928CA20A1888F00208440 /* ViewControllers */ = {
			isa = PBXGroup;
			children = (
				8399288E20A1849400208440 /* MainViewController.swift */,
			);
			path = ViewControllers;
			sourceTree = "<group>";
		};
		839928CB20A1889400208440 /* ViewModels */ = {
			isa = PBXGroup;
			children = (
				839928F020A1A87F00208440 /* MainViewModel.swift */,
				839928FD20A1ADD500208440 /* HistoryRateCellModel.swift */,
				8399290120A1B4E600208440 /* HeaderViewModel.swift */,
			);
			path = ViewModels;
			sourceTree = "<group>";
		};
		839928CC20A1889900208440 /* Views */ = {
			isa = PBXGroup;
			children = (
				839928BE20A1857100208440 /* HeaderView */,
				839928FA20A1AD2000208440 /* HistoryRateCell */,
			);
			path = Views;
			sourceTree = "<group>";
		};
		839928CD20A1889F00208440 /* Models */ = {
			isa = PBXGroup;
			children = (
				839928E820A18F0D00208440 /* Currency.swift */,
				839928E620A18E8900208440 /* CurrentRateResponse.swift */,
				839928EA20A1906B00208440 /* HistoryRateResponse.swift */,
				839928EC20A1909D00208440 /* ResponseTime.swift */,
				839928F420A1AA3700208440 /* HistoryRate.swift */,
			);
			path = Models;
			sourceTree = "<group>";
		};
		839928CE20A188AB00208440 /* Storyboard */ = {
			isa = PBXGroup;
			children = (
				8399289220A1849400208440 /* Main.storyboard */,
			);
			path = Storyboard;
			sourceTree = "<group>";
		};
		839928CF20A188CC00208440 /* Network */ = {
			isa = PBXGroup;
			children = (
				8399290520A1CE9600208440 /* CachedWebservice.swift */,
				839928C320A1881E00208440 /* NetworkManager.swift */,
				839928D720A18A6A00208440 /* Router.swift */,
				839928F220A1A8FE00208440 /* NetworkMockTest.swift */,
			);
			path = Network;
			sourceTree = "<group>";
		};
		839928D220A1893F00208440 /* Extensions */ = {
			isa = PBXGroup;
			children = (
				839928FF20A1B04C00208440 /* UITableview+Extension.swift */,
				839928D320A1894E00208440 /* String+Extension.swift */,
				839928D520A189BE00208440 /* HTTPURLResponse+Extension.swift */,
			);
			path = Extensions;
			sourceTree = "<group>";
		};
		839928E120A18B8F00208440 /* Config */ = {
			isa = PBXGroup;
			children = (
				839928DA20A18B8000208440 /* Debug.xcconfig */,
				839928D920A18B8000208440 /* Development.xcconfig */,
				839928DB20A18B8000208440 /* Release.xcconfig */,
			);
			path = Config;
			sourceTree = "<group>";
		};
		839928FA20A1AD2000208440 /* HistoryRateCell */ = {
			isa = PBXGroup;
			children = (
				839928F620A1AD1D00208440 /* HistoryRateCell.swift */,
				839928F720A1AD1D00208440 /* HistoryRateCell.xib */,
			);
			path = HistoryRateCell;
			sourceTree = "<group>";
		};
		8399290A20A1DD6C00208440 /* Watch */ = {
			isa = PBXGroup;
			children = (
				8399290B20A1DD6C00208440 /* Interface.storyboard */,
				8399290E20A1DD6D00208440 /* Assets.xcassets */,
				8399291020A1DD6D00208440 /* Info.plist */,
			);
			path = Watch;
			sourceTree = "<group>";
		};
		8399291920A1DD6D00208440 /* Watch Extension */ = {
			isa = PBXGroup;
			children = (
				83AF631320A325D000E1E754 /* Controllers */,
				83AF630520A2481D00E1E754 /* ViewModels */,
				83AF630B20A3165500E1E754 /* Models */,
				83AF631220A325C000E1E754 /* Managers */,
				83AF631120A325B900E1E754 /* Utils */,
				83AF630420A247B600E1E754 /* Supporting Files */,
			);
			path = "Watch Extension";
			sourceTree = "<group>";
		};
		8399293520A1F49000208440 /* Ressources */ = {
			isa = PBXGroup;
			children = (
				8399293620A1F4A500208440 /* current.json */,
				8399293920A1F53200208440 /* history.json */,
			);
			path = Ressources;
			sourceTree = "<group>";
		};
		83AF630420A247B600E1E754 /* Supporting Files */ = {
			isa = PBXGroup;
			children = (
				8399292020A1DD6E00208440 /* Assets.xcassets */,
				8399292220A1DD6E00208440 /* Info.plist */,
				8399292320A1DD6E00208440 /* PushNotificationPayload.apns */,
				8399291C20A1DD6D00208440 /* ExtensionDelegate.swift */,
			);
			path = "Supporting Files";
			sourceTree = "<group>";
		};
		83AF630520A2481D00E1E754 /* ViewModels */ = {
			isa = PBXGroup;
			children = (
				83AF630620A2482F00E1E754 /* InterfaceViewModel.swift */,
			);
			path = ViewModels;
			sourceTree = "<group>";
		};
		83AF630B20A3165500E1E754 /* Models */ = {
			isa = PBXGroup;
			children = (
				83AF630F20A320A400E1E754 /* RateTableRowModel.swift */,
			);
			path = Models;
			sourceTree = "<group>";
		};
		83AF631120A325B900E1E754 /* Utils */ = {
			isa = PBXGroup;
			children = (
			);
			path = Utils;
			sourceTree = "<group>";
		};
		83AF631220A325C000E1E754 /* Managers */ = {
			isa = PBXGroup;
			children = (
				83AF630920A2EB3F00E1E754 /* PhoneSessionManager.swift */,
			);
			path = Managers;
			sourceTree = "<group>";
		};
		83AF631320A325D000E1E754 /* Controllers */ = {
			isa = PBXGroup;
			children = (
				8399291E20A1DD6D00208440 /* NotificationController.swift */,
				8399293120A1E41C00208440 /* RateTableRowController.swift */,
				8399291A20A1DD6D00208440 /* InterfaceController.swift */,
			);
			path = Controllers;
			sourceTree = "<group>";
		};
		9864A5B650C8E080B0B058B4 /* Frameworks */ = {
			isa = PBXGroup;
			children = (
				D21B71B40323D4272503ACED /* Pods_BitcoinRate.framework */,
				1D41E954697F5C47F818E6C1 /* Pods_BitcoinRateTests.framework */,
				CDD30EB0510E61D425D9A66A /* Pods_BitcoinRateUITests.framework */,
				2AD2CC2EE9F34E5CE984A298 /* Pods_Watch.framework */,
				923A4381AA02F8211DA908C4 /* Pods_Watch_Extension.framework */,
			);
			name = Frameworks;
			sourceTree = "<group>";
		};
/* End PBXGroup section */

/* Begin PBXNativeTarget section */
		8399288820A1849400208440 /* BitcoinRate */ = {
			isa = PBXNativeTarget;
			buildConfigurationList = 839928B320A1849500208440 /* Build configuration list for PBXNativeTarget "BitcoinRate" */;
			buildPhases = (
				64D596B06D876CCCD70E8F9E /* [CP] Check Pods Manifest.lock */,
				8399288520A1849400208440 /* Sources */,
				8399288620A1849400208440 /* Frameworks */,
				8399288720A1849400208440 /* Resources */,
				8399293020A1DD6E00208440 /* Embed Watch Content */,
				D0D79A13581CD07BF09F3D01 /* [CP] Embed Pods Frameworks */,
			);
			buildRules = (
			);
			dependencies = (
				8399292520A1DD6E00208440 /* PBXTargetDependency */,
			);
			name = BitcoinRate;
			productName = BitcoinRate;
			productReference = 8399288920A1849400208440 /* BitcoinRate.app */;
			productType = "com.apple.product-type.application";
		};
		8399289E20A1849500208440 /* BitcoinRateTests */ = {
			isa = PBXNativeTarget;
			buildConfigurationList = 839928B620A1849500208440 /* Build configuration list for PBXNativeTarget "BitcoinRateTests" */;
			buildPhases = (
				2ACB3F613C8C5C29E8023EC2 /* [CP] Check Pods Manifest.lock */,
				8399289B20A1849500208440 /* Sources */,
				8399289C20A1849500208440 /* Frameworks */,
				8399289D20A1849500208440 /* Resources */,
				9857D9467A56BDC01F2AA5D2 /* [CP] Embed Pods Frameworks */,
			);
			buildRules = (
			);
			dependencies = (
				839928A120A1849500208440 /* PBXTargetDependency */,
			);
			name = BitcoinRateTests;
			productName = BitcoinRateTests;
			productReference = 8399289F20A1849500208440 /* BitcoinRateTests.xctest */;
			productType = "com.apple.product-type.bundle.unit-test";
		};
		839928A920A1849500208440 /* BitcoinRateUITests */ = {
			isa = PBXNativeTarget;
			buildConfigurationList = 839928B920A1849500208440 /* Build configuration list for PBXNativeTarget "BitcoinRateUITests" */;
			buildPhases = (
				0CDEA2B22BFAD2C134303782 /* [CP] Check Pods Manifest.lock */,
				839928A620A1849500208440 /* Sources */,
				839928A720A1849500208440 /* Frameworks */,
				839928A820A1849500208440 /* Resources */,
				0387336EA4C373FE2705B86C /* [CP] Embed Pods Frameworks */,
			);
			buildRules = (
			);
			dependencies = (
				839928AC20A1849500208440 /* PBXTargetDependency */,
			);
			name = BitcoinRateUITests;
			productName = BitcoinRateUITests;
			productReference = 839928AA20A1849500208440 /* BitcoinRateUITests.xctest */;
			productType = "com.apple.product-type.bundle.ui-testing";
		};
		8399290820A1DD6C00208440 /* Watch */ = {
			isa = PBXNativeTarget;
			buildConfigurationList = 8399292C20A1DD6E00208440 /* Build configuration list for PBXNativeTarget "Watch" */;
			buildPhases = (
				F180D59F74DE2A65DF6BD5A5 /* [CP] Check Pods Manifest.lock */,
				8399290720A1DD6C00208440 /* Resources */,
				8399292B20A1DD6E00208440 /* Embed App Extensions */,
				BE368BC39EA06F49591B76AF /* Frameworks */,
			);
			buildRules = (
			);
			dependencies = (
				8399291820A1DD6D00208440 /* PBXTargetDependency */,
			);
			name = Watch;
			productName = Watch;
			productReference = 8399290920A1DD6C00208440 /* Watch.app */;
			productType = "com.apple.product-type.application.watchapp2";
		};
		8399291420A1DD6D00208440 /* Watch Extension */ = {
			isa = PBXNativeTarget;
			buildConfigurationList = 8399292720A1DD6E00208440 /* Build configuration list for PBXNativeTarget "Watch Extension" */;
			buildPhases = (
				A4EEA7AE309E3A67548CDA94 /* [CP] Check Pods Manifest.lock */,
				8399291120A1DD6D00208440 /* Sources */,
				8399291220A1DD6D00208440 /* Frameworks */,
				8399291320A1DD6D00208440 /* Resources */,
			);
			buildRules = (
			);
			dependencies = (
			);
			name = "Watch Extension";
			productName = "Watch Extension";
			productReference = 8399291520A1DD6D00208440 /* Watch Extension.appex */;
			productType = "com.apple.product-type.watchkit2-extension";
		};
/* End PBXNativeTarget section */

/* Begin PBXProject section */
		8399288120A1849400208440 /* Project object */ = {
			isa = PBXProject;
			attributes = {
				LastSwiftUpdateCheck = 0930;
				LastUpgradeCheck = 0930;
				ORGANIZATIONNAME = "Nataniel Martin";
				TargetAttributes = {
					8399288820A1849400208440 = {
						CreatedOnToolsVersion = 9.3;
					};
					8399289E20A1849500208440 = {
						CreatedOnToolsVersion = 9.3;
						TestTargetID = 8399288820A1849400208440;
					};
					839928A920A1849500208440 = {
						CreatedOnToolsVersion = 9.3;
						TestTargetID = 8399288820A1849400208440;
					};
					8399290820A1DD6C00208440 = {
						CreatedOnToolsVersion = 9.3;
					};
					8399291420A1DD6D00208440 = {
						CreatedOnToolsVersion = 9.3;
					};
				};
			};
			buildConfigurationList = 8399288420A1849400208440 /* Build configuration list for PBXProject "BitcoinRate" */;
			compatibilityVersion = "Xcode 9.3";
			developmentRegion = en;
			hasScannedForEncodings = 0;
			knownRegions = (
				en,
				Base,
			);
			mainGroup = 8399288020A1849400208440;
			productRefGroup = 8399288A20A1849400208440 /* Products */;
			projectDirPath = "";
			projectRoot = "";
			targets = (
				8399288820A1849400208440 /* BitcoinRate */,
				8399289E20A1849500208440 /* BitcoinRateTests */,
				839928A920A1849500208440 /* BitcoinRateUITests */,
				8399290820A1DD6C00208440 /* Watch */,
				8399291420A1DD6D00208440 /* Watch Extension */,
			);
		};
/* End PBXProject section */

/* Begin PBXResourcesBuildPhase section */
		8399288720A1849400208440 /* Resources */ = {
			isa = PBXResourcesBuildPhase;
			buildActionMask = 2147483647;
			files = (
				8399289920A1849500208440 /* LaunchScreen.storyboard in Resources */,
				8399289620A1849500208440 /* Assets.xcassets in Resources */,
				8399293D20A1F5EF00208440 /* current.json in Resources */,
				839928F920A1AD1D00208440 /* HistoryRateCell.xib in Resources */,
				8399293A20A1F53200208440 /* history.json in Resources */,
				8399289420A1849400208440 /* Main.storyboard in Resources */,
				839928BD20A1856D00208440 /* HeaderView.xib in Resources */,
			);
			runOnlyForDeploymentPostprocessing = 0;
		};
		8399289D20A1849500208440 /* Resources */ = {
			isa = PBXResourcesBuildPhase;
			buildActionMask = 2147483647;
			files = (
				8399293720A1F4A500208440 /* current.json in Resources */,
				8399293B20A1F53200208440 /* history.json in Resources */,
			);
			runOnlyForDeploymentPostprocessing = 0;
		};
		839928A820A1849500208440 /* Resources */ = {
			isa = PBXResourcesBuildPhase;
			buildActionMask = 2147483647;
			files = (
			);
			runOnlyForDeploymentPostprocessing = 0;
		};
		8399290720A1DD6C00208440 /* Resources */ = {
			isa = PBXResourcesBuildPhase;
			buildActionMask = 2147483647;
			files = (
				8399290F20A1DD6D00208440 /* Assets.xcassets in Resources */,
				8399290D20A1DD6C00208440 /* Interface.storyboard in Resources */,
			);
			runOnlyForDeploymentPostprocessing = 0;
		};
		8399291320A1DD6D00208440 /* Resources */ = {
			isa = PBXResourcesBuildPhase;
			buildActionMask = 2147483647;
			files = (
				8399292120A1DD6E00208440 /* Assets.xcassets in Resources */,
			);
			runOnlyForDeploymentPostprocessing = 0;
		};
/* End PBXResourcesBuildPhase section */

/* Begin PBXShellScriptBuildPhase section */
		0387336EA4C373FE2705B86C /* [CP] Embed Pods Frameworks */ = {
			isa = PBXShellScriptBuildPhase;
			buildActionMask = 2147483647;
			files = (
			);
			inputPaths = (
				"${SRCROOT}/Pods/Target Support Files/Pods-BitcoinRateUITests/Pods-BitcoinRateUITests-frameworks.sh",
				"${BUILT_PRODUCTS_DIR}/PromiseKit/PromiseKit.framework",
				"${BUILT_PRODUCTS_DIR}/StringExtensionHTML/StringExtensionHTML.framework",
			);
			name = "[CP] Embed Pods Frameworks";
			outputPaths = (
				"${TARGET_BUILD_DIR}/${FRAMEWORKS_FOLDER_PATH}/PromiseKit.framework",
				"${TARGET_BUILD_DIR}/${FRAMEWORKS_FOLDER_PATH}/StringExtensionHTML.framework",
			);
			runOnlyForDeploymentPostprocessing = 0;
			shellPath = /bin/sh;
			shellScript = "\"${SRCROOT}/Pods/Target Support Files/Pods-BitcoinRateUITests/Pods-BitcoinRateUITests-frameworks.sh\"\n";
			showEnvVarsInLog = 0;
		};
		0CDEA2B22BFAD2C134303782 /* [CP] Check Pods Manifest.lock */ = {
			isa = PBXShellScriptBuildPhase;
			buildActionMask = 2147483647;
			files = (
			);
			inputPaths = (
				"${PODS_PODFILE_DIR_PATH}/Podfile.lock",
				"${PODS_ROOT}/Manifest.lock",
			);
			name = "[CP] Check Pods Manifest.lock";
			outputPaths = (
				"$(DERIVED_FILE_DIR)/Pods-BitcoinRateUITests-checkManifestLockResult.txt",
			);
			runOnlyForDeploymentPostprocessing = 0;
			shellPath = /bin/sh;
			shellScript = "diff \"${PODS_PODFILE_DIR_PATH}/Podfile.lock\" \"${PODS_ROOT}/Manifest.lock\" > /dev/null\nif [ $? != 0 ] ; then\n    # print error to STDERR\n    echo \"error: The sandbox is not in sync with the Podfile.lock. Run 'pod install' or update your CocoaPods installation.\" >&2\n    exit 1\nfi\n# This output is used by Xcode 'outputs' to avoid re-running this script phase.\necho \"SUCCESS\" > \"${SCRIPT_OUTPUT_FILE_0}\"\n";
			showEnvVarsInLog = 0;
		};
		2ACB3F613C8C5C29E8023EC2 /* [CP] Check Pods Manifest.lock */ = {
			isa = PBXShellScriptBuildPhase;
			buildActionMask = 2147483647;
			files = (
			);
			inputPaths = (
				"${PODS_PODFILE_DIR_PATH}/Podfile.lock",
				"${PODS_ROOT}/Manifest.lock",
			);
			name = "[CP] Check Pods Manifest.lock";
			outputPaths = (
				"$(DERIVED_FILE_DIR)/Pods-BitcoinRateTests-checkManifestLockResult.txt",
			);
			runOnlyForDeploymentPostprocessing = 0;
			shellPath = /bin/sh;
			shellScript = "diff \"${PODS_PODFILE_DIR_PATH}/Podfile.lock\" \"${PODS_ROOT}/Manifest.lock\" > /dev/null\nif [ $? != 0 ] ; then\n    # print error to STDERR\n    echo \"error: The sandbox is not in sync with the Podfile.lock. Run 'pod install' or update your CocoaPods installation.\" >&2\n    exit 1\nfi\n# This output is used by Xcode 'outputs' to avoid re-running this script phase.\necho \"SUCCESS\" > \"${SCRIPT_OUTPUT_FILE_0}\"\n";
			showEnvVarsInLog = 0;
		};
		64D596B06D876CCCD70E8F9E /* [CP] Check Pods Manifest.lock */ = {
			isa = PBXShellScriptBuildPhase;
			buildActionMask = 2147483647;
			files = (
			);
			inputPaths = (
				"${PODS_PODFILE_DIR_PATH}/Podfile.lock",
				"${PODS_ROOT}/Manifest.lock",
			);
			name = "[CP] Check Pods Manifest.lock";
			outputPaths = (
				"$(DERIVED_FILE_DIR)/Pods-BitcoinRate-checkManifestLockResult.txt",
			);
			runOnlyForDeploymentPostprocessing = 0;
			shellPath = /bin/sh;
			shellScript = "diff \"${PODS_PODFILE_DIR_PATH}/Podfile.lock\" \"${PODS_ROOT}/Manifest.lock\" > /dev/null\nif [ $? != 0 ] ; then\n    # print error to STDERR\n    echo \"error: The sandbox is not in sync with the Podfile.lock. Run 'pod install' or update your CocoaPods installation.\" >&2\n    exit 1\nfi\n# This output is used by Xcode 'outputs' to avoid re-running this script phase.\necho \"SUCCESS\" > \"${SCRIPT_OUTPUT_FILE_0}\"\n";
			showEnvVarsInLog = 0;
		};
		9857D9467A56BDC01F2AA5D2 /* [CP] Embed Pods Frameworks */ = {
			isa = PBXShellScriptBuildPhase;
			buildActionMask = 2147483647;
			files = (
			);
			inputPaths = (
				"${SRCROOT}/Pods/Target Support Files/Pods-BitcoinRateTests/Pods-BitcoinRateTests-frameworks.sh",
				"${BUILT_PRODUCTS_DIR}/PromiseKit/PromiseKit.framework",
				"${BUILT_PRODUCTS_DIR}/StringExtensionHTML/StringExtensionHTML.framework",
			);
			name = "[CP] Embed Pods Frameworks";
			outputPaths = (
				"${TARGET_BUILD_DIR}/${FRAMEWORKS_FOLDER_PATH}/PromiseKit.framework",
				"${TARGET_BUILD_DIR}/${FRAMEWORKS_FOLDER_PATH}/StringExtensionHTML.framework",
			);
			runOnlyForDeploymentPostprocessing = 0;
			shellPath = /bin/sh;
			shellScript = "\"${SRCROOT}/Pods/Target Support Files/Pods-BitcoinRateTests/Pods-BitcoinRateTests-frameworks.sh\"\n";
			showEnvVarsInLog = 0;
		};
		A4EEA7AE309E3A67548CDA94 /* [CP] Check Pods Manifest.lock */ = {
			isa = PBXShellScriptBuildPhase;
			buildActionMask = 2147483647;
			files = (
			);
			inputPaths = (
				"${PODS_PODFILE_DIR_PATH}/Podfile.lock",
				"${PODS_ROOT}/Manifest.lock",
			);
			name = "[CP] Check Pods Manifest.lock";
			outputPaths = (
				"$(DERIVED_FILE_DIR)/Pods-Watch Extension-checkManifestLockResult.txt",
			);
			runOnlyForDeploymentPostprocessing = 0;
			shellPath = /bin/sh;
			shellScript = "diff \"${PODS_PODFILE_DIR_PATH}/Podfile.lock\" \"${PODS_ROOT}/Manifest.lock\" > /dev/null\nif [ $? != 0 ] ; then\n    # print error to STDERR\n    echo \"error: The sandbox is not in sync with the Podfile.lock. Run 'pod install' or update your CocoaPods installation.\" >&2\n    exit 1\nfi\n# This output is used by Xcode 'outputs' to avoid re-running this script phase.\necho \"SUCCESS\" > \"${SCRIPT_OUTPUT_FILE_0}\"\n";
			showEnvVarsInLog = 0;
		};
		D0D79A13581CD07BF09F3D01 /* [CP] Embed Pods Frameworks */ = {
			isa = PBXShellScriptBuildPhase;
			buildActionMask = 2147483647;
			files = (
			);
			inputPaths = (
				"${SRCROOT}/Pods/Target Support Files/Pods-BitcoinRate/Pods-BitcoinRate-frameworks.sh",
				"${BUILT_PRODUCTS_DIR}/PromiseKit/PromiseKit.framework",
				"${BUILT_PRODUCTS_DIR}/StringExtensionHTML/StringExtensionHTML.framework",
			);
			name = "[CP] Embed Pods Frameworks";
			outputPaths = (
				"${TARGET_BUILD_DIR}/${FRAMEWORKS_FOLDER_PATH}/PromiseKit.framework",
				"${TARGET_BUILD_DIR}/${FRAMEWORKS_FOLDER_PATH}/StringExtensionHTML.framework",
			);
			runOnlyForDeploymentPostprocessing = 0;
			shellPath = /bin/sh;
			shellScript = "\"${SRCROOT}/Pods/Target Support Files/Pods-BitcoinRate/Pods-BitcoinRate-frameworks.sh\"\n";
			showEnvVarsInLog = 0;
		};
		F180D59F74DE2A65DF6BD5A5 /* [CP] Check Pods Manifest.lock */ = {
			isa = PBXShellScriptBuildPhase;
			buildActionMask = 2147483647;
			files = (
			);
			inputPaths = (
				"${PODS_PODFILE_DIR_PATH}/Podfile.lock",
				"${PODS_ROOT}/Manifest.lock",
			);
			name = "[CP] Check Pods Manifest.lock";
			outputPaths = (
				"$(DERIVED_FILE_DIR)/Pods-Watch-checkManifestLockResult.txt",
			);
			runOnlyForDeploymentPostprocessing = 0;
			shellPath = /bin/sh;
			shellScript = "diff \"${PODS_PODFILE_DIR_PATH}/Podfile.lock\" \"${PODS_ROOT}/Manifest.lock\" > /dev/null\nif [ $? != 0 ] ; then\n    # print error to STDERR\n    echo \"error: The sandbox is not in sync with the Podfile.lock. Run 'pod install' or update your CocoaPods installation.\" >&2\n    exit 1\nfi\n# This output is used by Xcode 'outputs' to avoid re-running this script phase.\necho \"SUCCESS\" > \"${SCRIPT_OUTPUT_FILE_0}\"\n";
			showEnvVarsInLog = 0;
		};
/* End PBXShellScriptBuildPhase section */

/* Begin PBXSourcesBuildPhase section */
		8399288520A1849400208440 /* Sources */ = {
			isa = PBXSourcesBuildPhase;
			buildActionMask = 2147483647;
			files = (
				8399288F20A1849400208440 /* MainViewController.swift in Sources */,
				839928EB20A1906B00208440 /* HistoryRateResponse.swift in Sources */,
				83AF630120A23AFC00E1E754 /* WatchSessionManager.swift in Sources */,
				839928F320A1A8FE00208440 /* NetworkMockTest.swift in Sources */,
				839928D420A1894E00208440 /* String+Extension.swift in Sources */,
				839928FE20A1ADD500208440 /* HistoryRateCellModel.swift in Sources */,
				839928C220A1875A00208440 /* NibSettable.swift in Sources */,
				839928C420A1881E00208440 /* NetworkManager.swift in Sources */,
				839928E720A18E8900208440 /* CurrentRateResponse.swift in Sources */,
				839928D820A18A6A00208440 /* Router.swift in Sources */,
				839928F120A1A87F00208440 /* MainViewModel.swift in Sources */,
				839928FC20A1AD4E00208440 /* ReusableView.swift in Sources */,
				8399290220A1B4E600208440 /* HeaderViewModel.swift in Sources */,
				8399290620A1CE9600208440 /* CachedWebservice.swift in Sources */,
				839928ED20A1909D00208440 /* ResponseTime.swift in Sources */,
				839928E920A18F0D00208440 /* Currency.swift in Sources */,
				839928D620A189BE00208440 /* HTTPURLResponse+Extension.swift in Sources */,
				839928C020A1858600208440 /* HeaderView.swift in Sources */,
				839928F820A1AD1D00208440 /* HistoryRateCell.swift in Sources */,
				839928F520A1AA3700208440 /* HistoryRate.swift in Sources */,
				8399288D20A1849400208440 /* AppDelegate.swift in Sources */,
				839928D120A1890300208440 /* BRError.swift in Sources */,
				8399290020A1B04C00208440 /* UITableview+Extension.swift in Sources */,
			);
			runOnlyForDeploymentPostprocessing = 0;
		};
		8399289B20A1849500208440 /* Sources */ = {
			isa = PBXSourcesBuildPhase;
			buildActionMask = 2147483647;
			files = (
				8399293820A1F4D200208440 /* HistoryRateCellModel.swift in Sources */,
				8399293C20A1F59400208440 /* HistoryRate.swift in Sources */,
				8399293F20A1FAFA00208440 /* CacheTests.swift in Sources */,
				8399293420A1F34B00208440 /* MainViewModelTests.swift in Sources */,
			);
			runOnlyForDeploymentPostprocessing = 0;
		};
		839928A620A1849500208440 /* Sources */ = {
			isa = PBXSourcesBuildPhase;
			buildActionMask = 2147483647;
			files = (
				839928AF20A1849500208440 /* BitcoinRateUITests.swift in Sources */,
			);
			runOnlyForDeploymentPostprocessing = 0;
		};
		8399291120A1DD6D00208440 /* Sources */ = {
			isa = PBXSourcesBuildPhase;
			buildActionMask = 2147483647;
			files = (
				83FA1FA620A337670086A89F /* Currency.swift in Sources */,
				83AF630A20A2EB3F00E1E754 /* PhoneSessionManager.swift in Sources */,
				83AF630720A2482F00E1E754 /* InterfaceViewModel.swift in Sources */,
				83AF630E20A3196D00E1E754 /* HistoryRate.swift in Sources */,
				8399291F20A1DD6D00208440 /* NotificationController.swift in Sources */,
				8399291D20A1DD6D00208440 /* ExtensionDelegate.swift in Sources */,
				8399291B20A1DD6D00208440 /* InterfaceController.swift in Sources */,
				8399293220A1E41C00208440 /* RateTableRowController.swift in Sources */,
				83AF631020A320A400E1E754 /* RateTableRowModel.swift in Sources */,
			);
			runOnlyForDeploymentPostprocessing = 0;
		};
/* End PBXSourcesBuildPhase section */

/* Begin PBXTargetDependency section */
		839928A120A1849500208440 /* PBXTargetDependency */ = {
			isa = PBXTargetDependency;
			target = 8399288820A1849400208440 /* BitcoinRate */;
			targetProxy = 839928A020A1849500208440 /* PBXContainerItemProxy */;
		};
		839928AC20A1849500208440 /* PBXTargetDependency */ = {
			isa = PBXTargetDependency;
			target = 8399288820A1849400208440 /* BitcoinRate */;
			targetProxy = 839928AB20A1849500208440 /* PBXContainerItemProxy */;
		};
		8399291820A1DD6D00208440 /* PBXTargetDependency */ = {
			isa = PBXTargetDependency;
			target = 8399291420A1DD6D00208440 /* Watch Extension */;
			targetProxy = 8399291720A1DD6D00208440 /* PBXContainerItemProxy */;
		};
		8399292520A1DD6E00208440 /* PBXTargetDependency */ = {
			isa = PBXTargetDependency;
			target = 8399290820A1DD6C00208440 /* Watch */;
			targetProxy = 8399292420A1DD6E00208440 /* PBXContainerItemProxy */;
		};
/* End PBXTargetDependency section */

/* Begin PBXVariantGroup section */
		8399289220A1849400208440 /* Main.storyboard */ = {
			isa = PBXVariantGroup;
			children = (
				8399289320A1849400208440 /* Base */,
			);
			name = Main.storyboard;
			sourceTree = "<group>";
		};
		8399289720A1849500208440 /* LaunchScreen.storyboard */ = {
			isa = PBXVariantGroup;
			children = (
				8399289820A1849500208440 /* Base */,
			);
			name = LaunchScreen.storyboard;
			sourceTree = "<group>";
		};
		8399290B20A1DD6C00208440 /* Interface.storyboard */ = {
			isa = PBXVariantGroup;
			children = (
				8399290C20A1DD6C00208440 /* Base */,
			);
			name = Interface.storyboard;
			sourceTree = "<group>";
		};
/* End PBXVariantGroup section */

/* Begin XCBuildConfiguration section */
		839928B120A1849500208440 /* Debug */ = {
			isa = XCBuildConfiguration;
			baseConfigurationReference = 839928DA20A18B8000208440 /* Debug.xcconfig */;
			buildSettings = {
				ALWAYS_SEARCH_USER_PATHS = NO;
				CLANG_ANALYZER_NONNULL = YES;
				CLANG_ANALYZER_NUMBER_OBJECT_CONVERSION = YES_AGGRESSIVE;
				CLANG_CXX_LANGUAGE_STANDARD = "gnu++14";
				CLANG_CXX_LIBRARY = "libc++";
				CLANG_ENABLE_MODULES = YES;
				CLANG_ENABLE_OBJC_ARC = YES;
				CLANG_ENABLE_OBJC_WEAK = YES;
				CLANG_WARN_BLOCK_CAPTURE_AUTORELEASING = YES;
				CLANG_WARN_BOOL_CONVERSION = YES;
				CLANG_WARN_COMMA = YES;
				CLANG_WARN_CONSTANT_CONVERSION = YES;
				CLANG_WARN_DEPRECATED_OBJC_IMPLEMENTATIONS = YES;
				CLANG_WARN_DIRECT_OBJC_ISA_USAGE = YES_ERROR;
				CLANG_WARN_DOCUMENTATION_COMMENTS = YES;
				CLANG_WARN_EMPTY_BODY = YES;
				CLANG_WARN_ENUM_CONVERSION = YES;
				CLANG_WARN_INFINITE_RECURSION = YES;
				CLANG_WARN_INT_CONVERSION = YES;
				CLANG_WARN_NON_LITERAL_NULL_CONVERSION = YES;
				CLANG_WARN_OBJC_IMPLICIT_RETAIN_SELF = YES;
				CLANG_WARN_OBJC_LITERAL_CONVERSION = YES;
				CLANG_WARN_OBJC_ROOT_CLASS = YES_ERROR;
				CLANG_WARN_RANGE_LOOP_ANALYSIS = YES;
				CLANG_WARN_STRICT_PROTOTYPES = YES;
				CLANG_WARN_SUSPICIOUS_MOVE = YES;
				CLANG_WARN_UNGUARDED_AVAILABILITY = YES_AGGRESSIVE;
				CLANG_WARN_UNREACHABLE_CODE = YES;
				CLANG_WARN__DUPLICATE_METHOD_MATCH = YES;
				CODE_SIGN_IDENTITY = "iPhone Developer";
				COPY_PHASE_STRIP = NO;
				DEBUG_INFORMATION_FORMAT = dwarf;
				ENABLE_STRICT_OBJC_MSGSEND = YES;
				ENABLE_TESTABILITY = YES;
				GCC_C_LANGUAGE_STANDARD = gnu11;
				GCC_DYNAMIC_NO_PIC = NO;
				GCC_NO_COMMON_BLOCKS = YES;
				GCC_OPTIMIZATION_LEVEL = 0;
				GCC_PREPROCESSOR_DEFINITIONS = (
					"DEBUG=1",
					"$(inherited)",
				);
				GCC_WARN_64_TO_32_BIT_CONVERSION = YES;
				GCC_WARN_ABOUT_RETURN_TYPE = YES_ERROR;
				GCC_WARN_UNDECLARED_SELECTOR = YES;
				GCC_WARN_UNINITIALIZED_AUTOS = YES_AGGRESSIVE;
				GCC_WARN_UNUSED_FUNCTION = YES;
				GCC_WARN_UNUSED_VARIABLE = YES;
				IPHONEOS_DEPLOYMENT_TARGET = 11.3;
				MTL_ENABLE_DEBUG_INFO = YES;
				ONLY_ACTIVE_ARCH = YES;
				SDKROOT = iphoneos;
				SWIFT_ACTIVE_COMPILATION_CONDITIONS = DEBUG;
				SWIFT_OPTIMIZATION_LEVEL = "-Onone";
			};
			name = Debug;
		};
		839928B220A1849500208440 /* Release */ = {
			isa = XCBuildConfiguration;
			baseConfigurationReference = 839928DB20A18B8000208440 /* Release.xcconfig */;
			buildSettings = {
				ALWAYS_SEARCH_USER_PATHS = NO;
				CLANG_ANALYZER_NONNULL = YES;
				CLANG_ANALYZER_NUMBER_OBJECT_CONVERSION = YES_AGGRESSIVE;
				CLANG_CXX_LANGUAGE_STANDARD = "gnu++14";
				CLANG_CXX_LIBRARY = "libc++";
				CLANG_ENABLE_MODULES = YES;
				CLANG_ENABLE_OBJC_ARC = YES;
				CLANG_ENABLE_OBJC_WEAK = YES;
				CLANG_WARN_BLOCK_CAPTURE_AUTORELEASING = YES;
				CLANG_WARN_BOOL_CONVERSION = YES;
				CLANG_WARN_COMMA = YES;
				CLANG_WARN_CONSTANT_CONVERSION = YES;
				CLANG_WARN_DEPRECATED_OBJC_IMPLEMENTATIONS = YES;
				CLANG_WARN_DIRECT_OBJC_ISA_USAGE = YES_ERROR;
				CLANG_WARN_DOCUMENTATION_COMMENTS = YES;
				CLANG_WARN_EMPTY_BODY = YES;
				CLANG_WARN_ENUM_CONVERSION = YES;
				CLANG_WARN_INFINITE_RECURSION = YES;
				CLANG_WARN_INT_CONVERSION = YES;
				CLANG_WARN_NON_LITERAL_NULL_CONVERSION = YES;
				CLANG_WARN_OBJC_IMPLICIT_RETAIN_SELF = YES;
				CLANG_WARN_OBJC_LITERAL_CONVERSION = YES;
				CLANG_WARN_OBJC_ROOT_CLASS = YES_ERROR;
				CLANG_WARN_RANGE_LOOP_ANALYSIS = YES;
				CLANG_WARN_STRICT_PROTOTYPES = YES;
				CLANG_WARN_SUSPICIOUS_MOVE = YES;
				CLANG_WARN_UNGUARDED_AVAILABILITY = YES_AGGRESSIVE;
				CLANG_WARN_UNREACHABLE_CODE = YES;
				CLANG_WARN__DUPLICATE_METHOD_MATCH = YES;
				CODE_SIGN_IDENTITY = "iPhone Developer";
				COPY_PHASE_STRIP = NO;
				DEBUG_INFORMATION_FORMAT = "dwarf-with-dsym";
				ENABLE_NS_ASSERTIONS = NO;
				ENABLE_STRICT_OBJC_MSGSEND = YES;
				GCC_C_LANGUAGE_STANDARD = gnu11;
				GCC_NO_COMMON_BLOCKS = YES;
				GCC_WARN_64_TO_32_BIT_CONVERSION = YES;
				GCC_WARN_ABOUT_RETURN_TYPE = YES_ERROR;
				GCC_WARN_UNDECLARED_SELECTOR = YES;
				GCC_WARN_UNINITIALIZED_AUTOS = YES_AGGRESSIVE;
				GCC_WARN_UNUSED_FUNCTION = YES;
				GCC_WARN_UNUSED_VARIABLE = YES;
				IPHONEOS_DEPLOYMENT_TARGET = 11.3;
				MTL_ENABLE_DEBUG_INFO = NO;
				SDKROOT = iphoneos;
				SWIFT_COMPILATION_MODE = wholemodule;
				SWIFT_OPTIMIZATION_LEVEL = "-O";
				VALIDATE_PRODUCT = YES;
			};
			name = Release;
		};
		839928B420A1849500208440 /* Debug */ = {
			isa = XCBuildConfiguration;
			baseConfigurationReference = 839928DA20A18B8000208440 /* Debug.xcconfig */;
			buildSettings = {
				ALWAYS_EMBED_SWIFT_STANDARD_LIBRARIES = "${inherited}";
				ASSETCATALOG_COMPILER_APPICON_NAME = AppIcon;
				CODE_SIGN_STYLE = Automatic;
				DEVELOPMENT_TEAM = K7WV5867K9;
				INFOPLIST_FILE = "$(SRCROOT)/BitcoinRate/Supporting Files/Info.plist";
				LD_RUNPATH_SEARCH_PATHS = (
					"$(inherited)",
					"@executable_path/Frameworks",
				);
				PRODUCT_BUNDLE_IDENTIFIER = test.bit.BitcoinRate;
				PRODUCT_NAME = "$(TARGET_NAME)";
				SWIFT_VERSION = 4.0;
				TARGETED_DEVICE_FAMILY = "1,2";
			};
			name = Debug;
		};
		839928B520A1849500208440 /* Release */ = {
			isa = XCBuildConfiguration;
			baseConfigurationReference = 839928DB20A18B8000208440 /* Release.xcconfig */;
			buildSettings = {
				ALWAYS_EMBED_SWIFT_STANDARD_LIBRARIES = "${inherited}";
				ASSETCATALOG_COMPILER_APPICON_NAME = AppIcon;
				CODE_SIGN_STYLE = Automatic;
				DEVELOPMENT_TEAM = K7WV5867K9;
				INFOPLIST_FILE = "$(SRCROOT)/BitcoinRate/Supporting Files/Info.plist";
				LD_RUNPATH_SEARCH_PATHS = (
					"$(inherited)",
					"@executable_path/Frameworks",
				);
				PRODUCT_BUNDLE_IDENTIFIER = test.bit.BitcoinRate;
				PRODUCT_NAME = "$(TARGET_NAME)";
				SWIFT_VERSION = 4.0;
				TARGETED_DEVICE_FAMILY = "1,2";
			};
			name = Release;
		};
		839928B720A1849500208440 /* Debug */ = {
			isa = XCBuildConfiguration;
			baseConfigurationReference = 839928DA20A18B8000208440 /* Debug.xcconfig */;
			buildSettings = {
				ALWAYS_EMBED_SWIFT_STANDARD_LIBRARIES = "${inherited}";
				BUNDLE_LOADER = "$(TEST_HOST)";
				CODE_SIGN_STYLE = Automatic;
				DEVELOPMENT_TEAM = K7WV5867K9;
				INFOPLIST_FILE = BitcoinRateTests/Info.plist;
				LD_RUNPATH_SEARCH_PATHS = (
					"$(inherited)",
					"@executable_path/Frameworks",
					"@loader_path/Frameworks",
				);
				PRODUCT_BUNDLE_IDENTIFIER = test.bit.BitcoinRateTests;
				PRODUCT_NAME = "$(TARGET_NAME)";
				SWIFT_VERSION = 4.0;
				TARGETED_DEVICE_FAMILY = "1,2";
				TEST_HOST = "$(BUILT_PRODUCTS_DIR)/BitcoinRate.app/BitcoinRate";
			};
			name = Debug;
		};
		839928B820A1849500208440 /* Release */ = {
			isa = XCBuildConfiguration;
			baseConfigurationReference = 839928DB20A18B8000208440 /* Release.xcconfig */;
			buildSettings = {
				ALWAYS_EMBED_SWIFT_STANDARD_LIBRARIES = "${inherited}";
				BUNDLE_LOADER = "$(TEST_HOST)";
				CODE_SIGN_STYLE = Automatic;
				DEVELOPMENT_TEAM = K7WV5867K9;
				INFOPLIST_FILE = BitcoinRateTests/Info.plist;
				LD_RUNPATH_SEARCH_PATHS = (
					"$(inherited)",
					"@executable_path/Frameworks",
					"@loader_path/Frameworks",
				);
				PRODUCT_BUNDLE_IDENTIFIER = test.bit.BitcoinRateTests;
				PRODUCT_NAME = "$(TARGET_NAME)";
				SWIFT_VERSION = 4.0;
				TARGETED_DEVICE_FAMILY = "1,2";
				TEST_HOST = "$(BUILT_PRODUCTS_DIR)/BitcoinRate.app/BitcoinRate";
			};
			name = Release;
		};
		839928BA20A1849500208440 /* Debug */ = {
			isa = XCBuildConfiguration;
			baseConfigurationReference = 839928DA20A18B8000208440 /* Debug.xcconfig */;
			buildSettings = {
				ALWAYS_EMBED_SWIFT_STANDARD_LIBRARIES = "${inherited}";
				CODE_SIGN_STYLE = Automatic;
				DEVELOPMENT_TEAM = K7WV5867K9;
				INFOPLIST_FILE = BitcoinRateUITests/Info.plist;
				LD_RUNPATH_SEARCH_PATHS = (
					"$(inherited)",
					"@executable_path/Frameworks",
					"@loader_path/Frameworks",
				);
				PRODUCT_BUNDLE_IDENTIFIER = test.bit.BitcoinRateUITests;
				PRODUCT_NAME = "$(TARGET_NAME)";
				SWIFT_VERSION = 4.0;
				TARGETED_DEVICE_FAMILY = "1,2";
				TEST_TARGET_NAME = BitcoinRate;
			};
			name = Debug;
		};
		839928BB20A1849500208440 /* Release */ = {
			isa = XCBuildConfiguration;
			baseConfigurationReference = 839928DB20A18B8000208440 /* Release.xcconfig */;
			buildSettings = {
				ALWAYS_EMBED_SWIFT_STANDARD_LIBRARIES = "${inherited}";
				CODE_SIGN_STYLE = Automatic;
				DEVELOPMENT_TEAM = K7WV5867K9;
				INFOPLIST_FILE = BitcoinRateUITests/Info.plist;
				LD_RUNPATH_SEARCH_PATHS = (
					"$(inherited)",
					"@executable_path/Frameworks",
					"@loader_path/Frameworks",
				);
				PRODUCT_BUNDLE_IDENTIFIER = test.bit.BitcoinRateUITests;
				PRODUCT_NAME = "$(TARGET_NAME)";
				SWIFT_VERSION = 4.0;
				TARGETED_DEVICE_FAMILY = "1,2";
				TEST_TARGET_NAME = BitcoinRate;
			};
			name = Release;
		};
		839928E220A18C1D00208440 /* Development */ = {
			isa = XCBuildConfiguration;
			baseConfigurationReference = 839928D920A18B8000208440 /* Development.xcconfig */;
			buildSettings = {
				ALWAYS_SEARCH_USER_PATHS = NO;
				CLANG_ANALYZER_NONNULL = YES;
				CLANG_ANALYZER_NUMBER_OBJECT_CONVERSION = YES_AGGRESSIVE;
				CLANG_CXX_LANGUAGE_STANDARD = "gnu++14";
				CLANG_CXX_LIBRARY = "libc++";
				CLANG_ENABLE_MODULES = YES;
				CLANG_ENABLE_OBJC_ARC = YES;
				CLANG_ENABLE_OBJC_WEAK = YES;
				CLANG_WARN_BLOCK_CAPTURE_AUTORELEASING = YES;
				CLANG_WARN_BOOL_CONVERSION = YES;
				CLANG_WARN_COMMA = YES;
				CLANG_WARN_CONSTANT_CONVERSION = YES;
				CLANG_WARN_DEPRECATED_OBJC_IMPLEMENTATIONS = YES;
				CLANG_WARN_DIRECT_OBJC_ISA_USAGE = YES_ERROR;
				CLANG_WARN_DOCUMENTATION_COMMENTS = YES;
				CLANG_WARN_EMPTY_BODY = YES;
				CLANG_WARN_ENUM_CONVERSION = YES;
				CLANG_WARN_INFINITE_RECURSION = YES;
				CLANG_WARN_INT_CONVERSION = YES;
				CLANG_WARN_NON_LITERAL_NULL_CONVERSION = YES;
				CLANG_WARN_OBJC_IMPLICIT_RETAIN_SELF = YES;
				CLANG_WARN_OBJC_LITERAL_CONVERSION = YES;
				CLANG_WARN_OBJC_ROOT_CLASS = YES_ERROR;
				CLANG_WARN_RANGE_LOOP_ANALYSIS = YES;
				CLANG_WARN_STRICT_PROTOTYPES = YES;
				CLANG_WARN_SUSPICIOUS_MOVE = YES;
				CLANG_WARN_UNGUARDED_AVAILABILITY = YES_AGGRESSIVE;
				CLANG_WARN_UNREACHABLE_CODE = YES;
				CLANG_WARN__DUPLICATE_METHOD_MATCH = YES;
				CODE_SIGN_IDENTITY = "iPhone Developer";
				COPY_PHASE_STRIP = NO;
				DEBUG_INFORMATION_FORMAT = dwarf;
				ENABLE_STRICT_OBJC_MSGSEND = YES;
				ENABLE_TESTABILITY = YES;
				GCC_C_LANGUAGE_STANDARD = gnu11;
				GCC_DYNAMIC_NO_PIC = NO;
				GCC_NO_COMMON_BLOCKS = YES;
				GCC_OPTIMIZATION_LEVEL = 0;
				GCC_PREPROCESSOR_DEFINITIONS = (
					"DEBUG=1",
					"$(inherited)",
				);
				GCC_WARN_64_TO_32_BIT_CONVERSION = YES;
				GCC_WARN_ABOUT_RETURN_TYPE = YES_ERROR;
				GCC_WARN_UNDECLARED_SELECTOR = YES;
				GCC_WARN_UNINITIALIZED_AUTOS = YES_AGGRESSIVE;
				GCC_WARN_UNUSED_FUNCTION = YES;
				GCC_WARN_UNUSED_VARIABLE = YES;
				IPHONEOS_DEPLOYMENT_TARGET = 11.3;
				MTL_ENABLE_DEBUG_INFO = YES;
				ONLY_ACTIVE_ARCH = YES;
				SDKROOT = iphoneos;
				SWIFT_ACTIVE_COMPILATION_CONDITIONS = DEBUG;
				SWIFT_OPTIMIZATION_LEVEL = "-Onone";
			};
			name = Development;
		};
		839928E320A18C1D00208440 /* Development */ = {
			isa = XCBuildConfiguration;
			baseConfigurationReference = 839928D920A18B8000208440 /* Development.xcconfig */;
			buildSettings = {
				ALWAYS_EMBED_SWIFT_STANDARD_LIBRARIES = "${inherited}";
				ASSETCATALOG_COMPILER_APPICON_NAME = AppIcon;
				CODE_SIGN_STYLE = Automatic;
				DEVELOPMENT_TEAM = K7WV5867K9;
				INFOPLIST_FILE = "$(SRCROOT)/BitcoinRate/Supporting Files/Info.plist";
				LD_RUNPATH_SEARCH_PATHS = (
					"$(inherited)",
					"@executable_path/Frameworks",
				);
				PRODUCT_BUNDLE_IDENTIFIER = test.bit.BitcoinRate;
				PRODUCT_NAME = "$(TARGET_NAME)";
				SWIFT_VERSION = 4.0;
				TARGETED_DEVICE_FAMILY = "1,2";
			};
			name = Development;
		};
		839928E420A18C1D00208440 /* Development */ = {
			isa = XCBuildConfiguration;
			baseConfigurationReference = 839928D920A18B8000208440 /* Development.xcconfig */;
			buildSettings = {
				ALWAYS_EMBED_SWIFT_STANDARD_LIBRARIES = "${inherited}";
				BUNDLE_LOADER = "$(TEST_HOST)";
				CODE_SIGN_STYLE = Automatic;
				DEVELOPMENT_TEAM = K7WV5867K9;
				INFOPLIST_FILE = BitcoinRateTests/Info.plist;
				LD_RUNPATH_SEARCH_PATHS = (
					"$(inherited)",
					"@executable_path/Frameworks",
					"@loader_path/Frameworks",
				);
				PRODUCT_BUNDLE_IDENTIFIER = test.bit.BitcoinRateTests;
				PRODUCT_NAME = "$(TARGET_NAME)";
				SWIFT_VERSION = 4.0;
				TARGETED_DEVICE_FAMILY = "1,2";
				TEST_HOST = "$(BUILT_PRODUCTS_DIR)/BitcoinRate.app/BitcoinRate";
			};
			name = Development;
		};
		839928E520A18C1D00208440 /* Development */ = {
			isa = XCBuildConfiguration;
			baseConfigurationReference = 839928D920A18B8000208440 /* Development.xcconfig */;
			buildSettings = {
				ALWAYS_EMBED_SWIFT_STANDARD_LIBRARIES = "${inherited}";
				CODE_SIGN_STYLE = Automatic;
				DEVELOPMENT_TEAM = K7WV5867K9;
				INFOPLIST_FILE = BitcoinRateUITests/Info.plist;
				LD_RUNPATH_SEARCH_PATHS = (
					"$(inherited)",
					"@executable_path/Frameworks",
					"@loader_path/Frameworks",
				);
				PRODUCT_BUNDLE_IDENTIFIER = test.bit.BitcoinRateUITests;
				PRODUCT_NAME = "$(TARGET_NAME)";
				SWIFT_VERSION = 4.0;
				TARGETED_DEVICE_FAMILY = "1,2";
				TEST_TARGET_NAME = BitcoinRate;
			};
			name = Development;
		};
		8399292820A1DD6E00208440 /* Debug */ = {
			isa = XCBuildConfiguration;
			baseConfigurationReference = CB108C0C6C2CFB6015354840 /* Pods-Watch Extension.debug.xcconfig */;
			buildSettings = {
				ASSETCATALOG_COMPILER_COMPLICATION_NAME = Complication;
				CODE_SIGN_STYLE = Automatic;
				DEVELOPMENT_TEAM = K7WV5867K9;
				FRAMEWORK_SEARCH_PATHS = "";
				INFOPLIST_FILE = "$(SRCROOT)/Watch Extension/Supporting Files/Info.plist";
				LD_RUNPATH_SEARCH_PATHS = (
					"$(inherited)",
					"@executable_path/Frameworks",
					"@executable_path/../../Frameworks",
				);
				OTHER_CFLAGS = "-iquote";
				OTHER_LDFLAGS = "";
				PRODUCT_BUNDLE_IDENTIFIER = test.bit.BitcoinRate.watchkitapp.watchkitextension;
				PRODUCT_NAME = "${TARGET_NAME}";
				SDKROOT = watchos;
				SKIP_INSTALL = YES;
				SWIFT_VERSION = 4.0;
				TARGETED_DEVICE_FAMILY = 4;
				WATCHOS_DEPLOYMENT_TARGET = 4.3;
			};
			name = Debug;
		};
		8399292920A1DD6E00208440 /* Development */ = {
			isa = XCBuildConfiguration;
			baseConfigurationReference = 750A4806E07096206066F203 /* Pods-Watch Extension.development.xcconfig */;
			buildSettings = {
				ASSETCATALOG_COMPILER_COMPLICATION_NAME = Complication;
				CODE_SIGN_STYLE = Automatic;
				DEVELOPMENT_TEAM = K7WV5867K9;
				FRAMEWORK_SEARCH_PATHS = "";
				INFOPLIST_FILE = "$(SRCROOT)/Watch Extension/Supporting Files/Info.plist";
				LD_RUNPATH_SEARCH_PATHS = (
					"$(inherited)",
					"@executable_path/Frameworks",
					"@executable_path/../../Frameworks",
				);
				OTHER_CFLAGS = "-iquote";
				OTHER_LDFLAGS = "";
				PRODUCT_BUNDLE_IDENTIFIER = test.bit.BitcoinRate.watchkitapp.watchkitextension;
				PRODUCT_NAME = "${TARGET_NAME}";
				SDKROOT = watchos;
				SKIP_INSTALL = YES;
				SWIFT_VERSION = 4.0;
				TARGETED_DEVICE_FAMILY = 4;
				WATCHOS_DEPLOYMENT_TARGET = 4.3;
			};
			name = Development;
		};
		8399292A20A1DD6E00208440 /* Release */ = {
			isa = XCBuildConfiguration;
			baseConfigurationReference = 2E742DB7D3883EDED0C39BEF /* Pods-Watch Extension.release.xcconfig */;
			buildSettings = {
				ASSETCATALOG_COMPILER_COMPLICATION_NAME = Complication;
				CODE_SIGN_STYLE = Automatic;
				DEVELOPMENT_TEAM = K7WV5867K9;
				FRAMEWORK_SEARCH_PATHS = "";
				INFOPLIST_FILE = "$(SRCROOT)/Watch Extension/Supporting Files/Info.plist";
				LD_RUNPATH_SEARCH_PATHS = (
					"$(inherited)",
					"@executable_path/Frameworks",
					"@executable_path/../../Frameworks",
				);
				OTHER_CFLAGS = "-iquote";
				OTHER_LDFLAGS = "";
				PRODUCT_BUNDLE_IDENTIFIER = test.bit.BitcoinRate.watchkitapp.watchkitextension;
				PRODUCT_NAME = "${TARGET_NAME}";
				SDKROOT = watchos;
				SKIP_INSTALL = YES;
				SWIFT_VERSION = 4.0;
				TARGETED_DEVICE_FAMILY = 4;
				WATCHOS_DEPLOYMENT_TARGET = 4.3;
			};
			name = Release;
		};
		8399292D20A1DD6E00208440 /* Debug */ = {
			isa = XCBuildConfiguration;
			baseConfigurationReference = 8CB023936371999AF9308E2D /* Pods-Watch.debug.xcconfig */;
			buildSettings = {
				ALWAYS_EMBED_SWIFT_STANDARD_LIBRARIES = YES;
				ASSETCATALOG_COMPILER_APPICON_NAME = AppIcon;
				CODE_SIGN_STYLE = Automatic;
				DEVELOPMENT_TEAM = K7WV5867K9;
				FRAMEWORK_SEARCH_PATHS = "";
				IBSC_MODULE = Watch_Extension;
				INFOPLIST_FILE = Watch/Info.plist;
				OTHER_CFLAGS = "-iquote";
				OTHER_LDFLAGS = "";
				PRODUCT_BUNDLE_IDENTIFIER = test.bit.BitcoinRate.watchkitapp;
				PRODUCT_NAME = "$(TARGET_NAME)";
				SDKROOT = watchos;
				SKIP_INSTALL = YES;
				SWIFT_VERSION = 4.0;
				TARGETED_DEVICE_FAMILY = 4;
				WATCHOS_DEPLOYMENT_TARGET = 4.3;
			};
			name = Debug;
		};
		8399292E20A1DD6E00208440 /* Development */ = {
			isa = XCBuildConfiguration;
			baseConfigurationReference = 17E75659E6361FF25B362D6D /* Pods-Watch.development.xcconfig */;
			buildSettings = {
				ALWAYS_EMBED_SWIFT_STANDARD_LIBRARIES = YES;
				ASSETCATALOG_COMPILER_APPICON_NAME = AppIcon;
				CODE_SIGN_STYLE = Automatic;
				DEVELOPMENT_TEAM = K7WV5867K9;
				FRAMEWORK_SEARCH_PATHS = "";
				IBSC_MODULE = Watch_Extension;
				INFOPLIST_FILE = Watch/Info.plist;
				OTHER_CFLAGS = "-iquote";
				OTHER_LDFLAGS = "";
				PRODUCT_BUNDLE_IDENTIFIER = test.bit.BitcoinRate.watchkitapp;
				PRODUCT_NAME = "$(TARGET_NAME)";
				SDKROOT = watchos;
				SKIP_INSTALL = YES;
				SWIFT_VERSION = 4.0;
				TARGETED_DEVICE_FAMILY = 4;
				WATCHOS_DEPLOYMENT_TARGET = 4.3;
			};
			name = Development;
		};
		8399292F20A1DD6E00208440 /* Release */ = {
			isa = XCBuildConfiguration;
			baseConfigurationReference = 864E2EDF4037C6224D0897DC /* Pods-Watch.release.xcconfig */;
			buildSettings = {
				ALWAYS_EMBED_SWIFT_STANDARD_LIBRARIES = YES;
				ASSETCATALOG_COMPILER_APPICON_NAME = AppIcon;
				CODE_SIGN_STYLE = Automatic;
				DEVELOPMENT_TEAM = K7WV5867K9;
				FRAMEWORK_SEARCH_PATHS = "";
				IBSC_MODULE = Watch_Extension;
				INFOPLIST_FILE = Watch/Info.plist;
				OTHER_CFLAGS = "-iquote";
				OTHER_LDFLAGS = "";
				PRODUCT_BUNDLE_IDENTIFIER = test.bit.BitcoinRate.watchkitapp;
				PRODUCT_NAME = "$(TARGET_NAME)";
				SDKROOT = watchos;
				SKIP_INSTALL = YES;
				SWIFT_VERSION = 4.0;
				TARGETED_DEVICE_FAMILY = 4;
				WATCHOS_DEPLOYMENT_TARGET = 4.3;
			};
			name = Release;
		};
/* End XCBuildConfiguration section */

/* Begin XCConfigurationList section */
		8399288420A1849400208440 /* Build configuration list for PBXProject "BitcoinRate" */ = {
			isa = XCConfigurationList;
			buildConfigurations = (
				839928B120A1849500208440 /* Debug */,
				839928E220A18C1D00208440 /* Development */,
				839928B220A1849500208440 /* Release */,
			);
			defaultConfigurationIsVisible = 0;
			defaultConfigurationName = Release;
		};
		839928B320A1849500208440 /* Build configuration list for PBXNativeTarget "BitcoinRate" */ = {
			isa = XCConfigurationList;
			buildConfigurations = (
				839928B420A1849500208440 /* Debug */,
				839928E320A18C1D00208440 /* Development */,
				839928B520A1849500208440 /* Release */,
			);
			defaultConfigurationIsVisible = 0;
			defaultConfigurationName = Release;
		};
		839928B620A1849500208440 /* Build configuration list for PBXNativeTarget "BitcoinRateTests" */ = {
			isa = XCConfigurationList;
			buildConfigurations = (
				839928B720A1849500208440 /* Debug */,
				839928E420A18C1D00208440 /* Development */,
				839928B820A1849500208440 /* Release */,
			);
			defaultConfigurationIsVisible = 0;
			defaultConfigurationName = Release;
		};
		839928B920A1849500208440 /* Build configuration list for PBXNativeTarget "BitcoinRateUITests" */ = {
			isa = XCConfigurationList;
			buildConfigurations = (
				839928BA20A1849500208440 /* Debug */,
				839928E520A18C1D00208440 /* Development */,
				839928BB20A1849500208440 /* Release */,
			);
			defaultConfigurationIsVisible = 0;
			defaultConfigurationName = Release;
		};
		8399292720A1DD6E00208440 /* Build configuration list for PBXNativeTarget "Watch Extension" */ = {
			isa = XCConfigurationList;
			buildConfigurations = (
				8399292820A1DD6E00208440 /* Debug */,
				8399292920A1DD6E00208440 /* Development */,
				8399292A20A1DD6E00208440 /* Release */,
			);
			defaultConfigurationIsVisible = 0;
			defaultConfigurationName = Release;
		};
		8399292C20A1DD6E00208440 /* Build configuration list for PBXNativeTarget "Watch" */ = {
			isa = XCConfigurationList;
			buildConfigurations = (
				8399292D20A1DD6E00208440 /* Debug */,
				8399292E20A1DD6E00208440 /* Development */,
				8399292F20A1DD6E00208440 /* Release */,
			);
			defaultConfigurationIsVisible = 0;
			defaultConfigurationName = Release;
		};
/* End XCConfigurationList section */
	};
	rootObject = 8399288120A1849400208440 /* Project object */;
}
